{
  "name": "megatg-bot",
  "version": "1.0.0",
  "lockfileVersion": 3,
  "requires": true,
  "packages": {
    "": {
      "name": "megatg-bot",
      "version": "1.0.0",
      "license": "ISC",
      "dependencies": {
        "axios": "^1.7.0",
        "body-parser": "^1.20.3",
        "cors": "^2.8.5",
        "dotenv": "^16.4.5",
        "express": "^4.19.2",
        "form-data": "^4.0.2",
        "megajs": "^1.3.1",
        "mega-link-checker": "^1.2.3",
        "telegraf": "^4.16.3"
      }
    },
    "node_modules/axios": {
      "version": "1.7.0",
      "resolved": "https://registry.npmjs.org/axios/-/axios-1.7.0.tgz",
      "integrity": "sha512-9Zt+IhF2RiyIUFbZbZAW1bI+h+Rk1p7ewH4LqWvHty4V5N+TbgZQicXQwzZWJ3wZpOnz8TnyPK1TVfK5QyFFrg=="
    },
    "node_modules/body-parser": {
      "version": "1.20.3",
      "resolved": "https://registry.npmjs.org/body-parser/-/body-parser-1.20.3.tgz",
      "integrity": "sha512-jYA3YQnNyi2J07qiU6C3XEn7YfuzDj+VjZj9yjeVPRrcHhI6d0ArJq3FPhK24HUSUrVYSbbaRyzVmtxz9CE+zA=="
    },
    "node_modules/cors": {
      "version": "2.8.5",
      "resolved": "https://registry.npmjs.org/cors/-/cors-2.8.5.tgz",
      "integrity": "sha512-KC7GdSYvxK9U7Rj6g8xF6eeFHeYfOJQwQIVly3ltFQXzQeFfZMP0RmxX8b3cABF2jduJj0lfyXQ0YVYB8M3V4w=="
    },
    "node_modules/dotenv": {
      "version": "16.4.5",
      "resolved": "https://registry.npmjs.org/dotenv/-/dotenv-16.4.5.tgz",
      "integrity": "sha512-FZ8ezLZg0Y4T27hkbCqMFrxjhN8P7z8gLo2sfIV5K5Jh7E2bnq9vQIZGbW+utbUNe2uWgB1S3k2zjOrzR1Ewbw=="
    },
    "node_modules/express": {
      "version": "4.19.2",
      "resolved": "https://registry.npmjs.org/express/-/express-4.19.2.tgz",
      "integrity": "sha512-rdHwggVnGmVHkwdQbBTHZkzOq3KPG4YZhRjjgcB6Bjxn8Zc/m3qeqpAnz3M+YX0aK3+vvxPS7PjqMCqQhzRB1A=="
    },
    "node_modules/form-data": {
      "version": "4.0.2",
      "resolved": "https://registry.npmjs.org/form-data/-/form-data-4.0.2.tgz",
      "integrity": "sha512-0rOZY/yFKC5HYdqKk8h34zCsNfM3VW3CBnEhHtfw7PYm6ydSAzRvY/5K5f1TPzZj7YfJffYnvV4vCjr1PPYQmw=="
    },
    "node_modules/megajs": {
      "version": "1.3.1",
      "resolved": "https://registry.npmjs.org/megajs/-/megajs-1.3.1.tgz",
      "integrity": "sha512-icLkMJWwcWXtpby/BSW+kOwdzDffVE2J45eANR6dD0PZxR+dJOSF6GQDUAZPwZ6u6vG5HcbMZK8dY0EwMqfahg=="
    },
    "node_modules/mega-link-checker": {
      "version": "1.2.3",
      "resolved": "https://registry.npmjs.org/mega-link-checker/-/mega-link-checker-1.2.3.tgz",
      "integrity": "sha512-VZVbZ7l1rdWQnV+kqQOPhMeCFjxzM47J/kRJcCBd2mSsnYZmAqfOHnZh4e2d6QxJQqrcuUyKu9HqpFPZYxAIKg=="
    },
    "node_modules/telegraf": {
      "version": "4.16.3",
      "resolved": "https://registry.npmjs.org/telegraf/-/telegraf-4.16.3.tgz",
      "integrity": "sha512-Qceot2uhRa0qZC1gAmU4v2E1xSybPqzZ0yT+1oPHDtvTqXdrBaUOgAHo0C9ZVFY6k2ywh8fGvUHi7W5O17llJA=="
    }
  }
}
